
Microsoft Visual Studio Solution File, Format Version 12.00
# Visual Studio Version 16
VisualStudioVersion = 16.0.31605.320
MinimumVisualStudioVersion = 10.0.40219.1
Project("{FAE04EC0-301F-11D3-BF4B-00C04F79EFBC}") = "TruckAppMVC", "TruckAppMVC\TruckAppMVC.csproj", "{569FD04C-4887-4552-A1D5-F773D3783543}"
EndProject
Global
	GlobalSection(SolutionConfigurationPlatforms) = preSolution
		Debug|Any CPU = Debug|Any CPU
		Release|Any CPU = Release|Any CPU
	EndGlobalSection
	GlobalSection(ProjectConfigurationPlatforms) = postSolution
		{569FD04C-4887-4552-A1D5-F773D3783543}.Debug|Any CPU.ActiveCfg = Debug|Any CPU
		{569FD04C-4887-4552-A1D5-F773D3783543}.Debug|Any CPU.Build.0 = Debug|Any CPU
		{569FD04C-4887-4552-A1D5-F773D3783543}.Release|Any CPU.ActiveCfg = Release|Any CPU
		{569FD04C-4887-4552-A1D5-F773D3783543}.Release|Any CPU.Build.0 = Release|Any CPU
	EndGlobalSection
	GlobalSection(SolutionProperties) = preSolution
		HideSolutionNode = FALSE
	EndGlobalSection
	GlobalSection(ExtensibilityGlobals) = postSolution
		SolutionGuid = {A4F654D2-D1D3-4C79-9EEA-3957521269EF}
	EndGlobalSection
EndGlobal
